
Microsoft Visual Studio Solution File, Format Version 12.00
# Visual Studio Version 17
VisualStudioVersion = 17.9.34723.18
MinimumVisualStudioVersion = 10.0.40219.1
Project("{FAE04EC0-301F-11D3-BF4B-00C04F79EFBC}") = "AppPrueba", "AppPrueba.csproj", "{20CE77B4-8612-4823-8918-76C078CB3D7B}"
EndProject
Project("{FAE04EC0-301F-11D3-BF4B-00C04F79EFBC}") = "DAL", "..\DAL\DAL.csproj", "{B164A509-536D-4DA7-8C5B-C2C8EF56645C}"
EndProject
Global
	GlobalSection(SolutionConfigurationPlatforms) = preSolution
		Debug|Any CPU = Debug|Any CPU
		Release|Any CPU = Release|Any CPU
	EndGlobalSection
	GlobalSection(ProjectConfigurationPlatforms) = postSolution
		{20CE77B4-8612-4823-8918-76C078CB3D7B}.Debug|Any CPU.ActiveCfg = Debug|Any CPU
		{20CE77B4-8612-4823-8918-76C078CB3D7B}.Debug|Any CPU.Build.0 = Debug|Any CPU
		{20CE77B4-8612-4823-8918-76C078CB3D7B}.Release|Any CPU.ActiveCfg = Release|Any CPU
		{20CE77B4-8612-4823-8918-76C078CB3D7B}.Release|Any CPU.Build.0 = Release|Any CPU
		{B164A509-536D-4DA7-8C5B-C2C8EF56645C}.Debug|Any CPU.ActiveCfg = Debug|Any CPU
		{B164A509-536D-4DA7-8C5B-C2C8EF56645C}.Debug|Any CPU.Build.0 = Debug|Any CPU
		{B164A509-536D-4DA7-8C5B-C2C8EF56645C}.Release|Any CPU.ActiveCfg = Release|Any CPU
		{B164A509-536D-4DA7-8C5B-C2C8EF56645C}.Release|Any CPU.Build.0 = Release|Any CPU
	EndGlobalSection
	GlobalSection(SolutionProperties) = preSolution
		HideSolutionNode = FALSE
	EndGlobalSection
	GlobalSection(ExtensibilityGlobals) = postSolution
		SolutionGuid = {5DD69A8F-6A52-425B-910E-5550614B60DE}
	EndGlobalSection
EndGlobal
